
Microsoft Visual Studio Solution File, Format Version 12.00
# Visual Studio Version 16
VisualStudioVersion = 16.0.31911.196
MinimumVisualStudioVersion = 10.0.40219.1
Project("{FAE04EC0-301F-11D3-BF4B-00C04F79EFBC}") = "DropDown", "DropDown\DropDown.csproj", "{A2EA0510-1E10-4C26-BF77-D4E9F695D853}"
EndProject
Global
	GlobalSection(SolutionConfigurationPlatforms) = preSolution
		Debug|Any CPU = Debug|Any CPU
		Release|Any CPU = Release|Any CPU
	EndGlobalSection
	GlobalSection(ProjectConfigurationPlatforms) = postSolution
		{A2EA0510-1E10-4C26-BF77-D4E9F695D853}.Debug|Any CPU.ActiveCfg = Debug|Any CPU
		{A2EA0510-1E10-4C26-BF77-D4E9F695D853}.Debug|Any CPU.Build.0 = Debug|Any CPU
		{A2EA0510-1E10-4C26-BF77-D4E9F695D853}.Release|Any CPU.ActiveCfg = Release|Any CPU
		{A2EA0510-1E10-4C26-BF77-D4E9F695D853}.Release|Any CPU.Build.0 = Release|Any CPU
	EndGlobalSection
	GlobalSection(SolutionProperties) = preSolution
		HideSolutionNode = FALSE
	EndGlobalSection
	GlobalSection(ExtensibilityGlobals) = postSolution
		SolutionGuid = {0B36633C-D10F-4132-A925-62D66CB6D6C9}
	EndGlobalSection
EndGlobal
